
Microsoft Visual Studio Solution File, Format Version 12.00
# Visual Studio 15
VisualStudioVersion = 15.0.26730.16
MinimumVisualStudioVersion = 10.0.40219.1
Project("{2150E333-8FDC-42A3-9474-1A3956D46DE8}") = "1-Presentation", "1-Presentation", "{C3034116-C76F-4E86-9949-3D2DB9193320}"
EndProject
Project("{2150E333-8FDC-42A3-9474-1A3956D46DE8}") = "2-Application", "2-Application", "{59A7A47D-8399-4579-8457-B35D1BF11783}"
EndProject
Project("{2150E333-8FDC-42A3-9474-1A3956D46DE8}") = "3-Services", "3-Services", "{F3E2474B-01B6-4F40-BD32-7F9290130FFF}"
EndProject
Project("{2150E333-8FDC-42A3-9474-1A3956D46DE8}") = "4-Domain", "4-Domain", "{487A8AF1-BC6C-4D56-80D8-6C7D556CB878}"
EndProject
Project("{2150E333-8FDC-42A3-9474-1A3956D46DE8}") = "5-Infra", "5-Infra", "{0C30D30C-429E-42BC-9AA3-9F76E78C13AC}"
EndProject
Project("{2150E333-8FDC-42A3-9474-1A3956D46DE8}") = "5.1-Data", "5.1-Data", "{09966308-F91C-49F3-BE1E-786B4335E417}"
EndProject
Project("{2150E333-8FDC-42A3-9474-1A3956D46DE8}") = "5.2-CrossCutting", "5.2-CrossCutting", "{4F9DB733-F3AF-40C8-BA6B-04ACA7C31C3C}"
EndProject
Project("{FAE04EC0-301F-11D3-BF4B-00C04F79EFBC}") = "SisConv.Domain", "src\SisConv.Domain\SisConv.Domain.csproj", "{A464CB76-809E-4683-88B3-BA1F01BB3930}"
EndProject
Global
	GlobalSection(SolutionConfigurationPlatforms) = preSolution
		Debug|Any CPU = Debug|Any CPU
		Release|Any CPU = Release|Any CPU
	EndGlobalSection
	GlobalSection(ProjectConfigurationPlatforms) = postSolution
		{A464CB76-809E-4683-88B3-BA1F01BB3930}.Debug|Any CPU.ActiveCfg = Debug|Any CPU
		{A464CB76-809E-4683-88B3-BA1F01BB3930}.Debug|Any CPU.Build.0 = Debug|Any CPU
		{A464CB76-809E-4683-88B3-BA1F01BB3930}.Release|Any CPU.ActiveCfg = Release|Any CPU
		{A464CB76-809E-4683-88B3-BA1F01BB3930}.Release|Any CPU.Build.0 = Release|Any CPU
	EndGlobalSection
	GlobalSection(SolutionProperties) = preSolution
		HideSolutionNode = FALSE
	EndGlobalSection
	GlobalSection(NestedProjects) = preSolution
		{09966308-F91C-49F3-BE1E-786B4335E417} = {0C30D30C-429E-42BC-9AA3-9F76E78C13AC}
		{4F9DB733-F3AF-40C8-BA6B-04ACA7C31C3C} = {0C30D30C-429E-42BC-9AA3-9F76E78C13AC}
		{A464CB76-809E-4683-88B3-BA1F01BB3930} = {487A8AF1-BC6C-4D56-80D8-6C7D556CB878}
	EndGlobalSection
	GlobalSection(ExtensibilityGlobals) = postSolution
		SolutionGuid = {E9AFC0DF-6517-4549-88ED-46D54F1DDC1B}
	EndGlobalSection
EndGlobal
